
Microsoft Visual Studio Solution File, Format Version 12.00
# Visual Studio Version 17
VisualStudioVersion = 17.4.33213.308
MinimumVisualStudioVersion = 10.0.40219.1
Project("{FAE04EC0-301F-11D3-BF4B-00C04F79EFBC}") = "AddingInplaceEditor.Server", "Server\AddingInplaceEditor.Server.csproj", "{EDF8E291-9CFD-4D9F-A9DF-9F25B908B7BC}"
EndProject
Project("{FAE04EC0-301F-11D3-BF4B-00C04F79EFBC}") = "AddingInplaceEditor.Client", "Client\AddingInplaceEditor.Client.csproj", "{4413CF93-D330-4A8A-9DE8-F43F4A11D092}"
EndProject
Project("{FAE04EC0-301F-11D3-BF4B-00C04F79EFBC}") = "AddingInplaceEditor.Shared", "Shared\AddingInplaceEditor.Shared.csproj", "{4E833667-7FCC-42F0-B876-E9ED1E99DAE6}"
EndProject
Global
	GlobalSection(SolutionConfigurationPlatforms) = preSolution
		Debug|Any CPU = Debug|Any CPU
		Release|Any CPU = Release|Any CPU
	EndGlobalSection
	GlobalSection(ProjectConfigurationPlatforms) = postSolution
		{EDF8E291-9CFD-4D9F-A9DF-9F25B908B7BC}.Debug|Any CPU.ActiveCfg = Debug|Any CPU
		{EDF8E291-9CFD-4D9F-A9DF-9F25B908B7BC}.Debug|Any CPU.Build.0 = Debug|Any CPU
		{EDF8E291-9CFD-4D9F-A9DF-9F25B908B7BC}.Release|Any CPU.ActiveCfg = Release|Any CPU
		{EDF8E291-9CFD-4D9F-A9DF-9F25B908B7BC}.Release|Any CPU.Build.0 = Release|Any CPU
		{4413CF93-D330-4A8A-9DE8-F43F4A11D092}.Debug|Any CPU.ActiveCfg = Debug|Any CPU
		{4413CF93-D330-4A8A-9DE8-F43F4A11D092}.Debug|Any CPU.Build.0 = Debug|Any CPU
		{4413CF93-D330-4A8A-9DE8-F43F4A11D092}.Release|Any CPU.ActiveCfg = Release|Any CPU
		{4413CF93-D330-4A8A-9DE8-F43F4A11D092}.Release|Any CPU.Build.0 = Release|Any CPU
		{4E833667-7FCC-42F0-B876-E9ED1E99DAE6}.Debug|Any CPU.ActiveCfg = Debug|Any CPU
		{4E833667-7FCC-42F0-B876-E9ED1E99DAE6}.Debug|Any CPU.Build.0 = Debug|Any CPU
		{4E833667-7FCC-42F0-B876-E9ED1E99DAE6}.Release|Any CPU.ActiveCfg = Release|Any CPU
		{4E833667-7FCC-42F0-B876-E9ED1E99DAE6}.Release|Any CPU.Build.0 = Release|Any CPU
	EndGlobalSection
	GlobalSection(SolutionProperties) = preSolution
		HideSolutionNode = FALSE
	EndGlobalSection
	GlobalSection(ExtensibilityGlobals) = postSolution
		SolutionGuid = {01529B3D-9C53-410A-95A9-AF928D19DBAF}
	EndGlobalSection
EndGlobal
